Microsoft Visual Studio Solution File, Format Version 11.00
# Visual Studio 2008

Project("{F4BEA7D1-B52A-CDE9-E50A-DCE7578C7555}") = "MoFang", "Assembly-CSharp.csproj", "{655F0BCB-79B9-95B9-5CC8-32BABEE864FA}"
EndProject
Project("{F4BEA7D1-B52A-CDE9-E50A-DCE7578C7555}") = "MoFang", "Assembly-UnityScript.unityproj", "{AB5931DC-53B6-E80C-55DF-0B6D3909A329}"
EndProject
Global
	GlobalSection(SolutionConfigurationPlatforms) = preSolution
		Debug|Any CPU = Debug|Any CPU
		Release|Any CPU = Release|Any CPU
	EndGlobalSection
	GlobalSection(ProjectConfigurationPlatforms) = postSolution
		{655F0BCB-79B9-95B9-5CC8-32BABEE864FA}.Debug|Any CPU.ActiveCfg = Debug|Any CPU
		{655F0BCB-79B9-95B9-5CC8-32BABEE864FA}.Debug|Any CPU.Build.0 = Debug|Any CPU
		{655F0BCB-79B9-95B9-5CC8-32BABEE864FA}.Release|Any CPU.ActiveCfg = Release|Any CPU
		{655F0BCB-79B9-95B9-5CC8-32BABEE864FA}.Release|Any CPU.Build.0 = Release|Any CPU
		{AB5931DC-53B6-E80C-55DF-0B6D3909A329}.Debug|Any CPU.ActiveCfg = Debug|Any CPU
		{AB5931DC-53B6-E80C-55DF-0B6D3909A329}.Debug|Any CPU.Build.0 = Debug|Any CPU
		{AB5931DC-53B6-E80C-55DF-0B6D3909A329}.Release|Any CPU.ActiveCfg = Release|Any CPU
		{AB5931DC-53B6-E80C-55DF-0B6D3909A329}.Release|Any CPU.Build.0 = Release|Any CPU
	EndGlobalSection
	GlobalSection(SolutionProperties) = preSolution
		HideSolutionNode = FALSE
	EndGlobalSection
			GlobalSection(MonoDevelopProperties) = preSolution
		StartupItem = Assembly-CSharp.csproj
		Policies = $0
		$0.TextStylePolicy = $1
		$1.inheritsSet = null
		$1.scope = text/x-csharp
		$0.CSharpFormattingPolicy = $2
		$2.inheritsSet = Mono
		$2.inheritsScope = text/x-csharp
		$2.scope = text/x-csharp
		$0.TextStylePolicy = $3
		$3.FileWidth = 120
		$3.TabWidth = 4
		$3.EolMarker = Unix
		$3.inheritsSet = Mono
		$3.inheritsScope = text/plain
		$3.scope = text/plain
	EndGlobalSection

EndGlobal
